
Microsoft Visual Studio Solution File, Format Version 11.00
# Visual Studio 2010
Project("{FAE04EC0-301F-11D3-BF4B-00C04F79EFBC}") = "Assembly-CSharp-firstpass", "Assembly-CSharp-firstpass.csproj", "{d381159d-fba0-09c0-f3fa-b545ec64e5cc}"
EndProject
Project("{FAE04EC0-301F-11D3-BF4B-00C04F79EFBC}") = "Assembly-CSharp-Editor-firstpass", "Assembly-CSharp-Editor-firstpass.csproj", "{a52f5f26-eef2-64c0-4570-8dccaaf8e2b7}"
EndProject
Project("{FAE04EC0-301F-11D3-BF4B-00C04F79EFBC}") = "Assembly-CSharp", "Assembly-CSharp.csproj", "{6e72945f-f2e8-18ee-75cf-26a882405539}"
EndProject
Project("{FAE04EC0-301F-11D3-BF4B-00C04F79EFBC}") = "Assembly-CSharp-Editor", "Assembly-CSharp-Editor.csproj", "{02bf79e4-fece-a097-eadd-e75d6af65298}"
EndProject
Global
	GlobalSection(SolutionConfigurationPlatforms) = preSolution
		Debug|Any CPU = Debug|Any CPU
	EndGlobalSection
	GlobalSection(ProjectConfigurationPlatforms) = postSolution
		{d381159d-fba0-09c0-f3fa-b545ec64e5cc}.Debug|Any CPU.ActiveCfg = Debug|Any CPU
		{d381159d-fba0-09c0-f3fa-b545ec64e5cc}.Debug|Any CPU.Build.0 = Debug|Any CPU
		{a52f5f26-eef2-64c0-4570-8dccaaf8e2b7}.Debug|Any CPU.ActiveCfg = Debug|Any CPU
		{a52f5f26-eef2-64c0-4570-8dccaaf8e2b7}.Debug|Any CPU.Build.0 = Debug|Any CPU
		{6e72945f-f2e8-18ee-75cf-26a882405539}.Debug|Any CPU.ActiveCfg = Debug|Any CPU
		{6e72945f-f2e8-18ee-75cf-26a882405539}.Debug|Any CPU.Build.0 = Debug|Any CPU
		{02bf79e4-fece-a097-eadd-e75d6af65298}.Debug|Any CPU.ActiveCfg = Debug|Any CPU
		{02bf79e4-fece-a097-eadd-e75d6af65298}.Debug|Any CPU.Build.0 = Debug|Any CPU
	EndGlobalSection
	GlobalSection(SolutionProperties) = preSolution
		HideSolutionNode = FALSE
	EndGlobalSection
EndGlobal
