
Microsoft Visual Studio Solution File, Format Version 11.00
# Visual Studio 2010
Project("{FAE04EC0-301F-11D3-BF4B-00C04F79EFBC}") = "Assembly-CSharp-firstpass", "Assembly-CSharp-firstpass.csproj", "{49813d96-1849-d16d-4853-13203523924a}"
EndProject
Project("{FAE04EC0-301F-11D3-BF4B-00C04F79EFBC}") = "Assembly-CSharp-Editor-firstpass", "Assembly-CSharp-Editor-firstpass.csproj", "{e0919a49-14fa-640e-bb65-d2abaf807c69}"
EndProject
Project("{FAE04EC0-301F-11D3-BF4B-00C04F79EFBC}") = "Assembly-CSharp", "Assembly-CSharp.csproj", "{7531ecf7-d78d-5eb7-067b-3bd749c76512}"
EndProject
Project("{FAE04EC0-301F-11D3-BF4B-00C04F79EFBC}") = "Assembly-CSharp-Editor", "Assembly-CSharp-Editor.csproj", "{0b672954-4f98-99b0-d45a-e2b301d5be35}"
EndProject
Global
	GlobalSection(SolutionConfigurationPlatforms) = preSolution
		Debug|Any CPU = Debug|Any CPU
	EndGlobalSection
	GlobalSection(ProjectConfigurationPlatforms) = postSolution
		{49813d96-1849-d16d-4853-13203523924a}.Debug|Any CPU.ActiveCfg = Debug|Any CPU
		{49813d96-1849-d16d-4853-13203523924a}.Debug|Any CPU.Build.0 = Debug|Any CPU
		{e0919a49-14fa-640e-bb65-d2abaf807c69}.Debug|Any CPU.ActiveCfg = Debug|Any CPU
		{e0919a49-14fa-640e-bb65-d2abaf807c69}.Debug|Any CPU.Build.0 = Debug|Any CPU
		{7531ecf7-d78d-5eb7-067b-3bd749c76512}.Debug|Any CPU.ActiveCfg = Debug|Any CPU
		{7531ecf7-d78d-5eb7-067b-3bd749c76512}.Debug|Any CPU.Build.0 = Debug|Any CPU
		{0b672954-4f98-99b0-d45a-e2b301d5be35}.Debug|Any CPU.ActiveCfg = Debug|Any CPU
		{0b672954-4f98-99b0-d45a-e2b301d5be35}.Debug|Any CPU.Build.0 = Debug|Any CPU
	EndGlobalSection
	GlobalSection(SolutionProperties) = preSolution
		HideSolutionNode = FALSE
	EndGlobalSection
EndGlobal
